
Microsoft Visual Studio Solution File, Format Version 12.00
# Visual Studio 15
Project("{FAE04EC0-301F-11D3-BF4B-00C04F79EFBC}") = "Image_to_Hex", "Image_to_Hex\Image_to_Hex.csproj", "{4E7F423B-641E-4BAA-A817-6B041A6AF9F7}"
EndProject
Global
	GlobalSection(SolutionConfigurationPlatforms) = preSolution
		Debug|anycpu = Debug|anycpu
		Release|anycpu = Release|anycpu
	EndGlobalSection
	GlobalSection(ProjectConfigurationPlatforms) = postSolution
		{4E7F423B-641E-4BAA-A817-6B041A6AF9F7}.Debug|anycpu.ActiveCfg = Debug|anycpu
		{4E7F423B-641E-4BAA-A817-6B041A6AF9F7}.Debug|anycpu.Build.0 = Debug|anycpu
		{4E7F423B-641E-4BAA-A817-6B041A6AF9F7}.Release|anycpu.ActiveCfg = Release|anycpu
		{4E7F423B-641E-4BAA-A817-6B041A6AF9F7}.Release|anycpu.Build.0 = Release|anycpu
	EndGlobalSection
EndGlobal
